
Microsoft Visual Studio Solution File, Format Version 12.00
# Visual Studio 2013
VisualStudioVersion = 12.0.31101.0
MinimumVisualStudioVersion = 10.0.40219.1
Project("{FAE04EC0-301F-11D3-BF4B-00C04F79EFBC}") = "LobNet", "LobNet\LobNet.csproj", "{5F5ECBC9-5E5B-4008-8953-7FB5BAA12383}"
EndProject
Project("{FAE04EC0-301F-11D3-BF4B-00C04F79EFBC}") = "LobTests", "LobTests\LobTests.csproj", "{1F02BFAD-3F7C-4AC2-B24C-67976742274F}"
EndProject
Global
	GlobalSection(SolutionConfigurationPlatforms) = preSolution
		Debug|Any CPU = Debug|Any CPU
		Release|Any CPU = Release|Any CPU
	EndGlobalSection
	GlobalSection(ProjectConfigurationPlatforms) = postSolution
		{5F5ECBC9-5E5B-4008-8953-7FB5BAA12383}.Debug|Any CPU.ActiveCfg = Debug|Any CPU
		{5F5ECBC9-5E5B-4008-8953-7FB5BAA12383}.Debug|Any CPU.Build.0 = Debug|Any CPU
		{5F5ECBC9-5E5B-4008-8953-7FB5BAA12383}.Release|Any CPU.ActiveCfg = Release|Any CPU
		{5F5ECBC9-5E5B-4008-8953-7FB5BAA12383}.Release|Any CPU.Build.0 = Release|Any CPU
		{1F02BFAD-3F7C-4AC2-B24C-67976742274F}.Debug|Any CPU.ActiveCfg = Debug|Any CPU
		{1F02BFAD-3F7C-4AC2-B24C-67976742274F}.Debug|Any CPU.Build.0 = Debug|Any CPU
		{1F02BFAD-3F7C-4AC2-B24C-67976742274F}.Release|Any CPU.ActiveCfg = Release|Any CPU
		{1F02BFAD-3F7C-4AC2-B24C-67976742274F}.Release|Any CPU.Build.0 = Release|Any CPU
	EndGlobalSection
	GlobalSection(SolutionProperties) = preSolution
		HideSolutionNode = FALSE
	EndGlobalSection
EndGlobal
